
Microsoft Visual Studio Solution File, Format Version 12.00
# Visual Studio Version 16
VisualStudioVersion = 16.0.29318.209
MinimumVisualStudioVersion = 10.0.40219.1
Project("{FAE04EC0-301F-11D3-BF4B-00C04F79EFBC}") = "StopWatch", "StopWatch\StopWatch.csproj", "{951BD62A-7F4B-44BD-8824-753C060BD71B}"
EndProject
Project("{FAE04EC0-301F-11D3-BF4B-00C04F79EFBC}") = "5.Soru", "..\5.Soru\5.Soru\5.Soru.csproj", "{759728A7-258D-4623-9828-AA92C8C9ADAD}"
EndProject
Global
	GlobalSection(SolutionConfigurationPlatforms) = preSolution
		Debug|Any CPU = Debug|Any CPU
		Release|Any CPU = Release|Any CPU
	EndGlobalSection
	GlobalSection(ProjectConfigurationPlatforms) = postSolution
		{951BD62A-7F4B-44BD-8824-753C060BD71B}.Debug|Any CPU.ActiveCfg = Debug|Any CPU
		{951BD62A-7F4B-44BD-8824-753C060BD71B}.Debug|Any CPU.Build.0 = Debug|Any CPU
		{951BD62A-7F4B-44BD-8824-753C060BD71B}.Release|Any CPU.ActiveCfg = Release|Any CPU
		{951BD62A-7F4B-44BD-8824-753C060BD71B}.Release|Any CPU.Build.0 = Release|Any CPU
		{759728A7-258D-4623-9828-AA92C8C9ADAD}.Debug|Any CPU.ActiveCfg = Debug|Any CPU
		{759728A7-258D-4623-9828-AA92C8C9ADAD}.Debug|Any CPU.Build.0 = Debug|Any CPU
		{759728A7-258D-4623-9828-AA92C8C9ADAD}.Release|Any CPU.ActiveCfg = Release|Any CPU
		{759728A7-258D-4623-9828-AA92C8C9ADAD}.Release|Any CPU.Build.0 = Release|Any CPU
	EndGlobalSection
	GlobalSection(SolutionProperties) = preSolution
		HideSolutionNode = FALSE
	EndGlobalSection
	GlobalSection(ExtensibilityGlobals) = postSolution
		SolutionGuid = {C6D42E6D-2F08-420C-8893-9403C7A3C127}
	EndGlobalSection
EndGlobal
